
Microsoft Visual Studio Solution File, Format Version 12.00
# Visual Studio Version 17
VisualStudioVersion = 17.0.32112.339
MinimumVisualStudioVersion = 10.0.40219.1
Project("{8BC9CEB8-8B4A-11D0-8D11-00A0C91BC942}") = "Recursion", "Recursion\Recursion.vcxproj", "{8EA9D92F-EFC9-4704-A743-53003C689A58}"
EndProject
Project("{8BC9CEB8-8B4A-11D0-8D11-00A0C91BC942}") = "ADT", "ADT\ADT.vcxproj", "{9C98F044-93CD-4301-825F-08C67D7D2EE2}"
EndProject
Project("{2150E333-8FDC-42A3-9474-1A3956D46DE8}") = "Solution Items", "Solution Items", "{A262AF4D-3EC3-42BB-91E6-AE790E1E3B56}"
	ProjectSection(SolutionItems) = preProject
		.gitignore = .gitignore
	EndProjectSection
EndProject
Global
	GlobalSection(SolutionConfigurationPlatforms) = preSolution
		Debug|x64 = Debug|x64
		Debug|x86 = Debug|x86
		Release|x64 = Release|x64
		Release|x86 = Release|x86
	EndGlobalSection
	GlobalSection(ProjectConfigurationPlatforms) = postSolution
		{8EA9D92F-EFC9-4704-A743-53003C689A58}.Debug|x64.ActiveCfg = Debug|x64
		{8EA9D92F-EFC9-4704-A743-53003C689A58}.Debug|x64.Build.0 = Debug|x64
		{8EA9D92F-EFC9-4704-A743-53003C689A58}.Debug|x86.ActiveCfg = Debug|Win32
		{8EA9D92F-EFC9-4704-A743-53003C689A58}.Debug|x86.Build.0 = Debug|Win32
		{8EA9D92F-EFC9-4704-A743-53003C689A58}.Release|x64.ActiveCfg = Release|x64
		{8EA9D92F-EFC9-4704-A743-53003C689A58}.Release|x64.Build.0 = Release|x64
		{8EA9D92F-EFC9-4704-A743-53003C689A58}.Release|x86.ActiveCfg = Release|Win32
		{8EA9D92F-EFC9-4704-A743-53003C689A58}.Release|x86.Build.0 = Release|Win32
		{9C98F044-93CD-4301-825F-08C67D7D2EE2}.Debug|x64.ActiveCfg = Debug|x64
		{9C98F044-93CD-4301-825F-08C67D7D2EE2}.Debug|x64.Build.0 = Debug|x64
		{9C98F044-93CD-4301-825F-08C67D7D2EE2}.Debug|x86.ActiveCfg = Debug|Win32
		{9C98F044-93CD-4301-825F-08C67D7D2EE2}.Debug|x86.Build.0 = Debug|Win32
		{9C98F044-93CD-4301-825F-08C67D7D2EE2}.Release|x64.ActiveCfg = Release|x64
		{9C98F044-93CD-4301-825F-08C67D7D2EE2}.Release|x64.Build.0 = Release|x64
		{9C98F044-93CD-4301-825F-08C67D7D2EE2}.Release|x86.ActiveCfg = Release|Win32
		{9C98F044-93CD-4301-825F-08C67D7D2EE2}.Release|x86.Build.0 = Release|Win32
	EndGlobalSection
	GlobalSection(SolutionProperties) = preSolution
		HideSolutionNode = FALSE
	EndGlobalSection
	GlobalSection(ExtensibilityGlobals) = postSolution
		SolutionGuid = {41DFEE95-AB22-4863-B334-D60CC2BCAC1D}
	EndGlobalSection
EndGlobal
